
Microsoft Visual Studio Solution File, Format Version 12.00
# Visual Studio Version 17
VisualStudioVersion = 17.8.34316.72
MinimumVisualStudioVersion = 10.0.40219.1
Project("{FAE04EC0-301F-11D3-BF4B-00C04F79EFBC}") = "TextWorder", "TextWorder\TextWorder.csproj", "{E87A310E-820B-4F33-AA16-7D8E4815FECA}"
EndProject
Project("{2150E333-8FDC-42A3-9474-1A3956D46DE8}") = "Solution Items", "Solution Items", "{C337EE1F-4A2F-44CD-94B5-04A1EDD8BBA9}"
	ProjectSection(SolutionItems) = preProject
		.editorconfig = .editorconfig
	EndProjectSection
EndProject
Global
	GlobalSection(SolutionConfigurationPlatforms) = preSolution
		Debug|Any CPU = Debug|Any CPU
		Release|Any CPU = Release|Any CPU
	EndGlobalSection
	GlobalSection(ProjectConfigurationPlatforms) = postSolution
		{E87A310E-820B-4F33-AA16-7D8E4815FECA}.Debug|Any CPU.ActiveCfg = Debug|Any CPU
		{E87A310E-820B-4F33-AA16-7D8E4815FECA}.Debug|Any CPU.Build.0 = Debug|Any CPU
		{E87A310E-820B-4F33-AA16-7D8E4815FECA}.Release|Any CPU.ActiveCfg = Release|Any CPU
		{E87A310E-820B-4F33-AA16-7D8E4815FECA}.Release|Any CPU.Build.0 = Release|Any CPU
	EndGlobalSection
	GlobalSection(SolutionProperties) = preSolution
		HideSolutionNode = FALSE
	EndGlobalSection
	GlobalSection(ExtensibilityGlobals) = postSolution
		SolutionGuid = {7E72FC28-1A73-49AD-99E0-D1243C0F7745}
	EndGlobalSection
EndGlobal
